<Solution>
  <Folder Name="/github/">
    <File Path=".github/workflows/build.yaml" />
    <File Path=".github/workflows/ci.yml" />
  </Folder>
  <Folder Name="/SolutionItems/">
    <File Path="Readme.md" />
  </Folder>
  <Project Path="AspectRatioChanger.Test/AspectRatioChanger.Test.csproj" />
  <Project Path="AspectRatioChanger/AspectRatioChanger.csproj" />
</Solution>
