
Microsoft Visual Studio Solution File, Format Version 12.00
# Visual Studio Version 17
VisualStudioVersion = 17.10.34707.107
MinimumVisualStudioVersion = 10.0.40219.1
Project("{9A19103F-16F7-4668-BE54-9A1E7A4F7556}") = "AspectRatioChanger", "AspectRatioChanger\AspectRatioChanger.csproj", "{86D1706B-1C60-466D-8292-36679807AD94}"
EndProject
Project("{9A19103F-16F7-4668-BE54-9A1E7A4F7556}") = "AspectRatioChanger.Test", "AspectRatioChanger.Test\AspectRatioChanger.Test.csproj", "{685A6182-A15F-4CA7-A9FE-1005C61201DD}"
EndProject
Project("{2150E333-8FDC-42A3-9474-1A3956D46DE8}") = "SolutionItems", "SolutionItems", "{AAC97591-BA4C-4921-83DA-ACEDA219C5A4}"
	ProjectSection(SolutionItems) = preProject
		Readme.md = Readme.md
	EndProjectSection
EndProject
Global
	GlobalSection(SolutionConfigurationPlatforms) = preSolution
		Debug|Any CPU = Debug|Any CPU
		Release|Any CPU = Release|Any CPU
	EndGlobalSection
	GlobalSection(ProjectConfigurationPlatforms) = postSolution
		{86D1706B-1C60-466D-8292-36679807AD94}.Debug|Any CPU.ActiveCfg = Debug|Any CPU
		{86D1706B-1C60-466D-8292-36679807AD94}.Debug|Any CPU.Build.0 = Debug|Any CPU
		{86D1706B-1C60-466D-8292-36679807AD94}.Release|Any CPU.ActiveCfg = Release|Any CPU
		{86D1706B-1C60-466D-8292-36679807AD94}.Release|Any CPU.Build.0 = Release|Any CPU
		{685A6182-A15F-4CA7-A9FE-1005C61201DD}.Debug|Any CPU.ActiveCfg = Debug|Any CPU
		{685A6182-A15F-4CA7-A9FE-1005C61201DD}.Debug|Any CPU.Build.0 = Debug|Any CPU
		{685A6182-A15F-4CA7-A9FE-1005C61201DD}.Release|Any CPU.ActiveCfg = Release|Any CPU
		{685A6182-A15F-4CA7-A9FE-1005C61201DD}.Release|Any CPU.Build.0 = Release|Any CPU
	EndGlobalSection
	GlobalSection(SolutionProperties) = preSolution
		HideSolutionNode = FALSE
	EndGlobalSection
	GlobalSection(ExtensibilityGlobals) = postSolution
		SolutionGuid = {F1715ACC-D6A4-4676-86AE-724EE9E23DD4}
	EndGlobalSection
EndGlobal
